
Microsoft Visual Studio Solution File, Format Version 12.00
# Visual Studio Version 16
VisualStudioVersion = 16.0.32602.291
MinimumVisualStudioVersion = 10.0.40219.1
Project("{FAE04EC0-301F-11D3-BF4B-00C04F79EFBC}") = "BookShopSchool", "BookShopSchool\BookShopSchool.csproj", "{2C727EED-2880-4F5C-8C04-19422AED6753}"
EndProject
Global
	GlobalSection(SolutionConfigurationPlatforms) = preSolution
		Debug|Any CPU = Debug|Any CPU
		Release|Any CPU = Release|Any CPU
	EndGlobalSection
	GlobalSection(ProjectConfigurationPlatforms) = postSolution
		{2C727EED-2880-4F5C-8C04-19422AED6753}.Debug|Any CPU.ActiveCfg = Debug|Any CPU
		{2C727EED-2880-4F5C-8C04-19422AED6753}.Debug|Any CPU.Build.0 = Debug|Any CPU
		{2C727EED-2880-4F5C-8C04-19422AED6753}.Release|Any CPU.ActiveCfg = Release|Any CPU
		{2C727EED-2880-4F5C-8C04-19422AED6753}.Release|Any CPU.Build.0 = Release|Any CPU
	EndGlobalSection
	GlobalSection(SolutionProperties) = preSolution
		HideSolutionNode = FALSE
	EndGlobalSection
	GlobalSection(ExtensibilityGlobals) = postSolution
		SolutionGuid = {84A17BE3-E347-4D67-AD31-51EC3C4B9465}
	EndGlobalSection
EndGlobal
